
Microsoft Visual Studio Solution File, Format Version 12.00
# Visual Studio Version 16
VisualStudioVersion = 16.0.34601.136
MinimumVisualStudioVersion = 10.0.40219.1
Project("{FAE04EC0-301F-11D3-BF4B-00C04F79EFBC}") = "Demo_WinForm", "Demo_WinForm\Demo_WinForm.csproj", "{F1052619-15E1-4793-8076-30CB70519E9F}"
EndProject
Global
	GlobalSection(SolutionConfigurationPlatforms) = preSolution
		Debug|Any CPU = Debug|Any CPU
		Release|Any CPU = Release|Any CPU
	EndGlobalSection
	GlobalSection(ProjectConfigurationPlatforms) = postSolution
		{F1052619-15E1-4793-8076-30CB70519E9F}.Debug|Any CPU.ActiveCfg = Debug|Any CPU
		{F1052619-15E1-4793-8076-30CB70519E9F}.Debug|Any CPU.Build.0 = Debug|Any CPU
		{F1052619-15E1-4793-8076-30CB70519E9F}.Release|Any CPU.ActiveCfg = Release|Any CPU
		{F1052619-15E1-4793-8076-30CB70519E9F}.Release|Any CPU.Build.0 = Release|Any CPU
	EndGlobalSection
	GlobalSection(SolutionProperties) = preSolution
		HideSolutionNode = FALSE
	EndGlobalSection
	GlobalSection(ExtensibilityGlobals) = postSolution
		SolutionGuid = {F883BF63-AE4F-4B74-B66A-361899696704}
	EndGlobalSection
EndGlobal
